{
  "version": 4,
  "terraform_version": "1.13.4",
  "serial": 5,
  "lineage": "93ee9ac3-8dd7-733d-be77-00566da7802d",
  "outputs": {},
  "resources": [
    {
      "mode": "managed",
      "type": "docker_container",
      "name": "backend",
      "provider": "provider[\"registry.terraform.io/kreuzwerker/docker\"]",
      "instances": [
        {
          "status": "tainted",
          "schema_version": 2,
          "attributes": {
            "attach": false,
            "bridge": null,
            "capabilities": [],
            "command": null,
            "container_logs": null,
            "cpu_set": null,
            "cpu_shares": null,
            "destroy_grace_seconds": null,
            "devices": [],
            "dns": null,
            "dns_opts": null,
            "dns_search": null,
            "domainname": null,
            "entrypoint": null,
            "env": [],
            "exit_code": null,
            "gateway": null,
            "gpus": null,
            "group_add": null,
            "healthcheck": null,
            "host": [],
            "hostname": null,
            "id": "8db6ae05b126ba92a2bc733ee14cee2208ee314ba7eda727c47b0dd055b9bd0a",
            "image": "suwaathmi/uninest-auth:latest",
            "init": null,
            "ip_address": null,
            "ip_prefix_length": null,
            "ipc_mode": null,
            "labels": [],
            "links": null,
            "log_driver": null,
            "log_opts": null,
            "logs": false,
            "max_retry_count": null,
            "memory": null,
            "memory_swap": null,
            "mounts": [],
            "must_run": true,
            "name": "uninest-backend",
            "network_alias": null,
            "network_data": null,
            "network_mode": null,
            "networks": null,
            "networks_advanced": [],
            "pid_mode": null,
            "ports": [
              {
                "external": 5000,
                "internal": 5000,
                "ip": "0.0.0.0",
                "protocol": "tcp"
              }
            ],
            "privileged": null,
            "publish_all_ports": null,
            "read_only": false,
            "remove_volumes": true,
            "restart": "no",
            "rm": false,
            "runtime": null,
            "security_opts": [],
            "shm_size": null,
            "start": true,
            "stdin_open": false,
            "stop_signal": null,
            "stop_timeout": null,
            "storage_opts": null,
            "sysctls": null,
            "tmpfs": null,
            "tty": false,
            "ulimit": [],
            "upload": [],
            "user": null,
            "userns_mode": null,
            "volumes": [],
            "working_dir": null
          },
          "sensitive_attributes": [],
          "identity_schema_version": 0,
          "private": "eyJzY2hlbWFfdmVyc2lvbiI6IjIifQ==",
          "dependencies": [
            "docker_image.uninest_backend"
          ]
        }
      ]
    },
    {
      "mode": "managed",
      "type": "docker_container",
      "name": "frontend",
      "provider": "provider[\"registry.terraform.io/kreuzwerker/docker\"]",
      "instances": [
        {
          "status": "tainted",
          "schema_version": 2,
          "attributes": {
            "attach": false,
            "bridge": null,
            "capabilities": [],
            "command": null,
            "container_logs": null,
            "cpu_set": null,
            "cpu_shares": null,
            "destroy_grace_seconds": null,
            "devices": [],
            "dns": null,
            "dns_opts": null,
            "dns_search": null,
            "domainname": null,
            "entrypoint": null,
            "env": [],
            "exit_code": null,
            "gateway": null,
            "gpus": null,
            "group_add": null,
            "healthcheck": null,
            "host": [],
            "hostname": null,
            "id": "c83e010065689ccda057b7afb865e488767d244354e2c8cb9b59fd551cdb4442",
            "image": "suwaathmi/uninest-frontend:latest",
            "init": null,
            "ip_address": null,
            "ip_prefix_length": null,
            "ipc_mode": null,
            "labels": [],
            "links": null,
            "log_driver": null,
            "log_opts": null,
            "logs": false,
            "max_retry_count": null,
            "memory": null,
            "memory_swap": null,
            "mounts": [],
            "must_run": true,
            "name": "uninest-frontend",
            "network_alias": null,
            "network_data": null,
            "network_mode": null,
            "networks": null,
            "networks_advanced": [],
            "pid_mode": null,
            "ports": [
              {
                "external": 3000,
                "internal": 3000,
                "ip": "0.0.0.0",
                "protocol": "tcp"
              }
            ],
            "privileged": null,
            "publish_all_ports": null,
            "read_only": false,
            "remove_volumes": true,
            "restart": "no",
            "rm": false,
            "runtime": null,
            "security_opts": [],
            "shm_size": null,
            "start": true,
            "stdin_open": false,
            "stop_signal": null,
            "stop_timeout": null,
            "storage_opts": null,
            "sysctls": null,
            "tmpfs": null,
            "tty": false,
            "ulimit": [],
            "upload": [],
            "user": null,
            "userns_mode": null,
            "volumes": [],
            "working_dir": null
          },
          "sensitive_attributes": [],
          "identity_schema_version": 0,
          "private": "eyJzY2hlbWFfdmVyc2lvbiI6IjIifQ==",
          "dependencies": [
            "docker_image.uninest_frontend"
          ]
        }
      ]
    },
    {
      "mode": "managed",
      "type": "docker_image",
      "name": "uninest_backend",
      "provider": "provider[\"registry.terraform.io/kreuzwerker/docker\"]",
      "instances": [
        {
          "schema_version": 0,
          "attributes": {
            "build": [],
            "force_remove": null,
            "id": "sha256:27e5e43d01194c0c1d64816abe8a107402de10813605a91553d98f48e42d8ff1suwaathmi/uninest-auth:latest",
            "keep_locally": null,
            "latest": "sha256:27e5e43d01194c0c1d64816abe8a107402de10813605a91553d98f48e42d8ff1",
            "name": "suwaathmi/uninest-auth:latest",
            "output": null,
            "pull_trigger": null,
            "pull_triggers": null,
            "repo_digest": "suwaathmi/uninest-auth@sha256:dc296a726b1f82a81016590858b376521a02c5e37483cdac672e85f734aa537c",
            "triggers": null
          },
          "sensitive_attributes": [],
          "identity_schema_version": 0,
          "private": "bnVsbA=="
        }
      ]
    },
    {
      "mode": "managed",
      "type": "docker_image",
      "name": "uninest_frontend",
      "provider": "provider[\"registry.terraform.io/kreuzwerker/docker\"]",
      "instances": [
        {
          "schema_version": 0,
          "attributes": {
            "build": [],
            "force_remove": null,
            "id": "sha256:6282d89a93707d3d901cf3571a1e354aeb002c1b5089c40ea55c838160e8b4dbsuwaathmi/uninest-frontend:latest",
            "keep_locally": null,
            "latest": "sha256:6282d89a93707d3d901cf3571a1e354aeb002c1b5089c40ea55c838160e8b4db",
            "name": "suwaathmi/uninest-frontend:latest",
            "output": null,
            "pull_trigger": null,
            "pull_triggers": null,
            "repo_digest": "suwaathmi/uninest-frontend@sha256:6aaad691d76357bf18a09b2ec88979d6faa1ab53ceef5ef631514e728b1c3e92",
            "triggers": null
          },
          "sensitive_attributes": [],
          "identity_schema_version": 0,
          "private": "bnVsbA=="
        }
      ]
    }
  ],
  "check_results": null
}
